
Microsoft Visual Studio Solution File, Format Version 12.00
# Visual Studio Version 16
VisualStudioVersion = 16.0.34031.81
MinimumVisualStudioVersion = 10.0.40219.1
Project("{FAE04EC0-301F-11D3-BF4B-00C04F79EFBC}") = "rabotanomertri", "rabotanomertri.csproj", "{2B023F37-54A9-45AD-9E17-48F411DBC613}"
EndProject
Global
	GlobalSection(SolutionConfigurationPlatforms) = preSolution
		Debug|Any CPU = Debug|Any CPU
		Release|Any CPU = Release|Any CPU
	EndGlobalSection
	GlobalSection(ProjectConfigurationPlatforms) = postSolution
		{2B023F37-54A9-45AD-9E17-48F411DBC613}.Debug|Any CPU.ActiveCfg = Debug|Any CPU
		{2B023F37-54A9-45AD-9E17-48F411DBC613}.Debug|Any CPU.Build.0 = Debug|Any CPU
		{2B023F37-54A9-45AD-9E17-48F411DBC613}.Release|Any CPU.ActiveCfg = Release|Any CPU
		{2B023F37-54A9-45AD-9E17-48F411DBC613}.Release|Any CPU.Build.0 = Release|Any CPU
	EndGlobalSection
	GlobalSection(SolutionProperties) = preSolution
		HideSolutionNode = FALSE
	EndGlobalSection
	GlobalSection(ExtensibilityGlobals) = postSolution
		SolutionGuid = {2B245473-DE54-4366-92C9-8AC9C55A5183}
	EndGlobalSection
EndGlobal
