
Microsoft Visual Studio Solution File, Format Version 12.00
# Visual Studio Version 16
VisualStudioVersion = 16.0.34301.259
MinimumVisualStudioVersion = 10.0.40219.1
Project("{FAE04EC0-301F-11D3-BF4B-00C04F79EFBC}") = "rabotanomershest", "rabotanomershest.csproj", "{0CE239B0-272A-499F-85BE-9E372472B454}"
EndProject
Global
	GlobalSection(SolutionConfigurationPlatforms) = preSolution
		Debug|Any CPU = Debug|Any CPU
		Release|Any CPU = Release|Any CPU
	EndGlobalSection
	GlobalSection(ProjectConfigurationPlatforms) = postSolution
		{0CE239B0-272A-499F-85BE-9E372472B454}.Debug|Any CPU.ActiveCfg = Debug|Any CPU
		{0CE239B0-272A-499F-85BE-9E372472B454}.Debug|Any CPU.Build.0 = Debug|Any CPU
		{0CE239B0-272A-499F-85BE-9E372472B454}.Release|Any CPU.ActiveCfg = Release|Any CPU
		{0CE239B0-272A-499F-85BE-9E372472B454}.Release|Any CPU.Build.0 = Release|Any CPU
	EndGlobalSection
	GlobalSection(SolutionProperties) = preSolution
		HideSolutionNode = FALSE
	EndGlobalSection
	GlobalSection(ExtensibilityGlobals) = postSolution
		SolutionGuid = {837168B4-F166-4066-BF65-9C979B21F90D}
	EndGlobalSection
EndGlobal
