
Microsoft Visual Studio Solution File, Format Version 12.00
# Visual Studio Version 16
VisualStudioVersion = 16.0.34301.259
MinimumVisualStudioVersion = 10.0.40219.1
Project("{FAE04EC0-301F-11D3-BF4B-00C04F79EFBC}") = "rabotanomersix", "rabotanomersix.csproj", "{F4B68008-DEEC-42BD-9EB8-A6BE1EBD65D3}"
EndProject
Global
	GlobalSection(SolutionConfigurationPlatforms) = preSolution
		Debug|Any CPU = Debug|Any CPU
		Release|Any CPU = Release|Any CPU
	EndGlobalSection
	GlobalSection(ProjectConfigurationPlatforms) = postSolution
		{F4B68008-DEEC-42BD-9EB8-A6BE1EBD65D3}.Debug|Any CPU.ActiveCfg = Debug|Any CPU
		{F4B68008-DEEC-42BD-9EB8-A6BE1EBD65D3}.Debug|Any CPU.Build.0 = Debug|Any CPU
		{F4B68008-DEEC-42BD-9EB8-A6BE1EBD65D3}.Release|Any CPU.ActiveCfg = Release|Any CPU
		{F4B68008-DEEC-42BD-9EB8-A6BE1EBD65D3}.Release|Any CPU.Build.0 = Release|Any CPU
	EndGlobalSection
	GlobalSection(SolutionProperties) = preSolution
		HideSolutionNode = FALSE
	EndGlobalSection
	GlobalSection(ExtensibilityGlobals) = postSolution
		SolutionGuid = {545AFB69-463A-4C01-9970-E664D1B358ED}
	EndGlobalSection
EndGlobal
